// !$*UTF8*$!
{
	archiveVersion = 1;
	classes = {
	};
	objectVersion = 46;
	objects = {

/* Begin PBXBuildFile section */
		470C790B1DB2620800DF5BEE /* CZJTestRunner.m in Sources */ = {isa = PBXBuildFile; fileRef = 470C790A1DB2620800DF5BEE /* CZJTestRunner.m */; };
		47D912931DB37D5A00366357 /* TestCase1.m in Sources */ = {isa = PBXBuildFile; fileRef = 47D912921DB37D5A00366357 /* TestCase1.m */; };
		47D912951DB384BA00366357 /* TestCase2.m in Sources */ = {isa = PBXBuildFile; fileRef = 47D912941DB384BA00366357 /* TestCase2.m */; };
		B166BC5B1D9BC88C00DDD2F2 /* main.m in Sources */ = {isa = PBXBuildFile; fileRef = B166BC5A1D9BC88C00DDD2F2 /* main.m */; };
		B166BC661D9BC88C00DDD2F2 /* Assets.xcassets in Resources */ = {isa = PBXBuildFile; fileRef = B166BC651D9BC88C00DDD2F2 /* Assets.xcassets */; };
		B166BC691D9BC88C00DDD2F2 /* LaunchScreen.storyboard in Resources */ = {isa = PBXBuildFile; fileRef = B166BC671D9BC88C00DDD2F2 /* LaunchScreen.storyboard */; };
		B166BC811D9BC8CA00DDD2F2 /* CZJTest.m in Sources */ = {isa = PBXBuildFile; fileRef = B166BC721D9BC8CA00DDD2F2 /* CZJTest.m */; };
		B166BC821D9BC8CA00DDD2F2 /* CZJTestAppDelegate.m in Sources */ = {isa = PBXBuildFile; fileRef = B166BC741D9BC8CA00DDD2F2 /* CZJTestAppDelegate.m */; };
		B166BC831D9BC8CA00DDD2F2 /* CZJTestCase.m in Sources */ = {isa = PBXBuildFile; fileRef = B166BC761D9BC8CA00DDD2F2 /* CZJTestCase.m */; };
		B166BC841D9BC8CA00DDD2F2 /* CZJTestCaseCell.m in Sources */ = {isa = PBXBuildFile; fileRef = B166BC781D9BC8CA00DDD2F2 /* CZJTestCaseCell.m */; };
		B166BC851D9BC8CA00DDD2F2 /* CZJTesting.m in Sources */ = {isa = PBXBuildFile; fileRef = B166BC7A1D9BC8CA00DDD2F2 /* CZJTesting.m */; };
		B166BC861D9BC8CA00DDD2F2 /* CZJTestMainView.m in Sources */ = {isa = PBXBuildFile; fileRef = B166BC7C1D9BC8CA00DDD2F2 /* CZJTestMainView.m */; };
		B166BC871D9BC8CA00DDD2F2 /* CZJTestMainViewController.m in Sources */ = {isa = PBXBuildFile; fileRef = B166BC7E1D9BC8CA00DDD2F2 /* CZJTestMainViewController.m */; };
		B166BC881D9BC8CA00DDD2F2 /* CZJTestViewController.m in Sources */ = {isa = PBXBuildFile; fileRef = B166BC801D9BC8CA00DDD2F2 /* CZJTestViewController.m */; };
		B171C3B61D9D106C00C3F656 /* CZJTestViewModel.m in Sources */ = {isa = PBXBuildFile; fileRef = B171C3B51D9D106C00C3F656 /* CZJTestViewModel.m */; };
		B171C3B91D9D1F2300C3F656 /* CZJTestGroup.m in Sources */ = {isa = PBXBuildFile; fileRef = B171C3B81D9D1F2300C3F656 /* CZJTestGroup.m */; };
		B1A041B11DA5562600BECAC6 /* CZJTestTableViewDataSource.m in Sources */ = {isa = PBXBuildFile; fileRef = B1A041B01DA5562600BECAC6 /* CZJTestTableViewDataSource.m */; };
		B1A041B41DA5598700BECAC6 /* CZJTestSuite.m in Sources */ = {isa = PBXBuildFile; fileRef = B1A041B31DA5598700BECAC6 /* CZJTestSuite.m */; };
		B1B0A9121D9CF86E00B5BA81 /* CZJTestNode.m in Sources */ = {isa = PBXBuildFile; fileRef = B1B0A9111D9CF86E00B5BA81 /* CZJTestNode.m */; };
/* End PBXBuildFile section */

/* Begin PBXFileReference section */
		470C79091DB2620800DF5BEE /* CZJTestRunner.h */ = {isa = PBXFileReference; fileEncoding = 4; lastKnownFileType = sourcecode.c.h; path = CZJTestRunner.h; sourceTree = "<group>"; };
		470C790A1DB2620800DF5BEE /* CZJTestRunner.m */ = {isa = PBXFileReference; fileEncoding = 4; lastKnownFileType = sourcecode.c.objc; path = CZJTestRunner.m; sourceTree = "<group>"; };
		47D912921DB37D5A00366357 /* TestCase1.m */ = {isa = PBXFileReference; fileEncoding = 4; lastKnownFileType = sourcecode.c.objc; path = TestCase1.m; sourceTree = "<group>"; };
		47D912941DB384BA00366357 /* TestCase2.m */ = {isa = PBXFileReference; fileEncoding = 4; lastKnownFileType = sourcecode.c.objc; path = TestCase2.m; sourceTree = "<group>"; };
		47D912961DB388F200366357 /* Test-Macros.h */ = {isa = PBXFileReference; lastKnownFileType = sourcecode.c.h; path = "Test-Macros.h"; sourceTree = "<group>"; };
		9F25E718A3726365DE443E33 /* Pods-Example.release.xcconfig */ = {isa = PBXFileReference; includeInIndex = 1; lastKnownFileType = text.xcconfig; name = "Pods-Example.release.xcconfig"; path = "Pods/Target Support Files/Pods-Example/Pods-Example.release.xcconfig"; sourceTree = "<group>"; };
		AAA80A503A7D692DE89A4ED3 /* Pods-Example.debug.xcconfig */ = {isa = PBXFileReference; includeInIndex = 1; lastKnownFileType = text.xcconfig; name = "Pods-Example.debug.xcconfig"; path = "Pods/Target Support Files/Pods-Example/Pods-Example.debug.xcconfig"; sourceTree = "<group>"; };
		B166BC561D9BC88C00DDD2F2 /* CZJUnit.app */ = {isa = PBXFileReference; explicitFileType = wrapper.application; includeInIndex = 0; path = CZJUnit.app; sourceTree = BUILT_PRODUCTS_DIR; };
		B166BC5A1D9BC88C00DDD2F2 /* main.m */ = {isa = PBXFileReference; lastKnownFileType = sourcecode.c.objc; path = main.m; sourceTree = "<group>"; };
		B166BC651D9BC88C00DDD2F2 /* Assets.xcassets */ = {isa = PBXFileReference; lastKnownFileType = folder.assetcatalog; path = Assets.xcassets; sourceTree = "<group>"; };
		B166BC681D9BC88C00DDD2F2 /* Base */ = {isa = PBXFileReference; lastKnownFileType = file.storyboard; name = Base; path = Base.lproj/LaunchScreen.storyboard; sourceTree = "<group>"; };
		B166BC6A1D9BC88C00DDD2F2 /* Info.plist */ = {isa = PBXFileReference; lastKnownFileType = text.plist.xml; path = Info.plist; sourceTree = "<group>"; };
		B166BC701D9BC8CA00DDD2F2 /* CZJTest-Prefix.pch */ = {isa = PBXFileReference; fileEncoding = 4; lastKnownFileType = sourcecode.c.h; path = "CZJTest-Prefix.pch"; sourceTree = "<group>"; };
		B166BC711D9BC8CA00DDD2F2 /* CZJTest.h */ = {isa = PBXFileReference; fileEncoding = 4; lastKnownFileType = sourcecode.c.h; path = CZJTest.h; sourceTree = "<group>"; };
		B166BC721D9BC8CA00DDD2F2 /* CZJTest.m */ = {isa = PBXFileReference; fileEncoding = 4; lastKnownFileType = sourcecode.c.objc; path = CZJTest.m; sourceTree = "<group>"; };
		B166BC731D9BC8CA00DDD2F2 /* CZJTestAppDelegate.h */ = {isa = PBXFileReference; fileEncoding = 4; lastKnownFileType = sourcecode.c.h; path = CZJTestAppDelegate.h; sourceTree = "<group>"; };
		B166BC741D9BC8CA00DDD2F2 /* CZJTestAppDelegate.m */ = {isa = PBXFileReference; fileEncoding = 4; lastKnownFileType = sourcecode.c.objc; path = CZJTestAppDelegate.m; sourceTree = "<group>"; };
		B166BC751D9BC8CA00DDD2F2 /* CZJTestCase.h */ = {isa = PBXFileReference; fileEncoding = 4; lastKnownFileType = sourcecode.c.h; path = CZJTestCase.h; sourceTree = "<group>"; };
		B166BC761D9BC8CA00DDD2F2 /* CZJTestCase.m */ = {isa = PBXFileReference; fileEncoding = 4; lastKnownFileType = sourcecode.c.objc; path = CZJTestCase.m; sourceTree = "<group>"; };
		B166BC771D9BC8CA00DDD2F2 /* CZJTestCaseCell.h */ = {isa = PBXFileReference; fileEncoding = 4; lastKnownFileType = sourcecode.c.h; path = CZJTestCaseCell.h; sourceTree = "<group>"; };
		B166BC781D9BC8CA00DDD2F2 /* CZJTestCaseCell.m */ = {isa = PBXFileReference; fileEncoding = 4; lastKnownFileType = sourcecode.c.objc; path = CZJTestCaseCell.m; sourceTree = "<group>"; };
		B166BC791D9BC8CA00DDD2F2 /* CZJTesting.h */ = {isa = PBXFileReference; fileEncoding = 4; lastKnownFileType = sourcecode.c.h; path = CZJTesting.h; sourceTree = "<group>"; };
		B166BC7A1D9BC8CA00DDD2F2 /* CZJTesting.m */ = {isa = PBXFileReference; fileEncoding = 4; lastKnownFileType = sourcecode.c.objc; path = CZJTesting.m; sourceTree = "<group>"; };
		B166BC7B1D9BC8CA00DDD2F2 /* CZJTestMainView.h */ = {isa = PBXFileReference; fileEncoding = 4; lastKnownFileType = sourcecode.c.h; path = CZJTestMainView.h; sourceTree = "<group>"; };
		B166BC7C1D9BC8CA00DDD2F2 /* CZJTestMainView.m */ = {isa = PBXFileReference; fileEncoding = 4; lastKnownFileType = sourcecode.c.objc; path = CZJTestMainView.m; sourceTree = "<group>"; };
		B166BC7D1D9BC8CA00DDD2F2 /* CZJTestMainViewController.h */ = {isa = PBXFileReference; fileEncoding = 4; lastKnownFileType = sourcecode.c.h; path = CZJTestMainViewController.h; sourceTree = "<group>"; };
		B166BC7E1D9BC8CA00DDD2F2 /* CZJTestMainViewController.m */ = {isa = PBXFileReference; fileEncoding = 4; lastKnownFileType = sourcecode.c.objc; path = CZJTestMainViewController.m; sourceTree = "<group>"; };
		B166BC7F1D9BC8CA00DDD2F2 /* CZJTestViewController.h */ = {isa = PBXFileReference; fileEncoding = 4; lastKnownFileType = sourcecode.c.h; path = CZJTestViewController.h; sourceTree = "<group>"; };
		B166BC801D9BC8CA00DDD2F2 /* CZJTestViewController.m */ = {isa = PBXFileReference; fileEncoding = 4; lastKnownFileType = sourcecode.c.objc; path = CZJTestViewController.m; sourceTree = "<group>"; };
		B171C3B41D9D106C00C3F656 /* CZJTestViewModel.h */ = {isa = PBXFileReference; fileEncoding = 4; lastKnownFileType = sourcecode.c.h; path = CZJTestViewModel.h; sourceTree = "<group>"; };
		B171C3B51D9D106C00C3F656 /* CZJTestViewModel.m */ = {isa = PBXFileReference; fileEncoding = 4; lastKnownFileType = sourcecode.c.objc; path = CZJTestViewModel.m; sourceTree = "<group>"; };
		B171C3B71D9D1F2300C3F656 /* CZJTestGroup.h */ = {isa = PBXFileReference; fileEncoding = 4; lastKnownFileType = sourcecode.c.h; path = CZJTestGroup.h; sourceTree = "<group>"; };
		B171C3B81D9D1F2300C3F656 /* CZJTestGroup.m */ = {isa = PBXFileReference; fileEncoding = 4; lastKnownFileType = sourcecode.c.objc; path = CZJTestGroup.m; sourceTree = "<group>"; };
		B1A041AF1DA5562600BECAC6 /* CZJTestTableViewDataSource.h */ = {isa = PBXFileReference; fileEncoding = 4; lastKnownFileType = sourcecode.c.h; path = CZJTestTableViewDataSource.h; sourceTree = "<group>"; };
		B1A041B01DA5562600BECAC6 /* CZJTestTableViewDataSource.m */ = {isa = PBXFileReference; fileEncoding = 4; lastKnownFileType = sourcecode.c.objc; path = CZJTestTableViewDataSource.m; sourceTree = "<group>"; };
		B1A041B21DA5598700BECAC6 /* CZJTestSuite.h */ = {isa = PBXFileReference; fileEncoding = 4; lastKnownFileType = sourcecode.c.h; path = CZJTestSuite.h; sourceTree = "<group>"; };
		B1A041B31DA5598700BECAC6 /* CZJTestSuite.m */ = {isa = PBXFileReference; fileEncoding = 4; lastKnownFileType = sourcecode.c.objc; path = CZJTestSuite.m; sourceTree = "<group>"; };
		B1B0A9101D9CF86E00B5BA81 /* CZJTestNode.h */ = {isa = PBXFileReference; fileEncoding = 4; lastKnownFileType = sourcecode.c.h; path = CZJTestNode.h; sourceTree = "<group>"; };
		B1B0A9111D9CF86E00B5BA81 /* CZJTestNode.m */ = {isa = PBXFileReference; fileEncoding = 4; lastKnownFileType = sourcecode.c.objc; path = CZJTestNode.m; sourceTree = "<group>"; };
		BA8293DFD2BDCC180304BC65 /* Pods_Example.framework */ = {isa = PBXFileReference; explicitFileType = wrapper.framework; includeInIndex = 0; path = Pods_Example.framework; sourceTree = BUILT_PRODUCTS_DIR; };
		C607120C1CC86939232CE261 /* Pods-Example.debug.xcconfig */ = {isa = PBXFileReference; includeInIndex = 1; lastKnownFileType = text.xcconfig; name = "Pods-Example.debug.xcconfig"; path = "Example/Pods/Target Support Files/Pods-Example/Pods-Example.debug.xcconfig"; sourceTree = "<group>"; };
		FC6206623DD9DCDDD32DF048 /* Pods-Example.release.xcconfig */ = {isa = PBXFileReference; includeInIndex = 1; lastKnownFileType = text.xcconfig; name = "Pods-Example.release.xcconfig"; path = "Example/Pods/Target Support Files/Pods-Example/Pods-Example.release.xcconfig"; sourceTree = "<group>"; };
/* End PBXFileReference section */

/* Begin PBXFrameworksBuildPhase section */
		B166BC531D9BC88C00DDD2F2 /* Frameworks */ = {
			isa = PBXFrameworksBuildPhase;
			buildActionMask = 2147483647;
			files = (
			);
			runOnlyForDeploymentPostprocessing = 0;
		};
/* End PBXFrameworksBuildPhase section */

/* Begin PBXGroup section */
		47D912901DB37D3C00366357 /* Examples */ = {
			isa = PBXGroup;
			children = (
				47D912921DB37D5A00366357 /* TestCase1.m */,
				47D912941DB384BA00366357 /* TestCase2.m */,
				47D912961DB388F200366357 /* Test-Macros.h */,
			);
			name = Examples;
			sourceTree = "<group>";
		};
		8148317F52CF5C1F24CB2A0E /* Pods */ = {
			isa = PBXGroup;
			children = (
				AAA80A503A7D692DE89A4ED3 /* Pods-Example.debug.xcconfig */,
				9F25E718A3726365DE443E33 /* Pods-Example.release.xcconfig */,
				C607120C1CC86939232CE261 /* Pods-Example.debug.xcconfig */,
				FC6206623DD9DCDDD32DF048 /* Pods-Example.release.xcconfig */,
			);
			name = Pods;
			sourceTree = "<group>";
		};
		B166BC4D1D9BC88C00DDD2F2 = {
			isa = PBXGroup;
			children = (
				47D912901DB37D3C00366357 /* Examples */,
				B166BC581D9BC88C00DDD2F2 /* CZJUnit */,
				B166BC571D9BC88C00DDD2F2 /* Products */,
				8148317F52CF5C1F24CB2A0E /* Pods */,
				B779437B6B0D809A06C1FBFF /* Frameworks */,
			);
			sourceTree = "<group>";
		};
		B166BC571D9BC88C00DDD2F2 /* Products */ = {
			isa = PBXGroup;
			children = (
				B166BC561D9BC88C00DDD2F2 /* CZJUnit.app */,
			);
			name = Products;
			sourceTree = "<group>";
		};
		B166BC581D9BC88C00DDD2F2 /* CZJUnit */ = {
			isa = PBXGroup;
			children = (
				B166BC701D9BC8CA00DDD2F2 /* CZJTest-Prefix.pch */,
				B166BC711D9BC8CA00DDD2F2 /* CZJTest.h */,
				B166BC721D9BC8CA00DDD2F2 /* CZJTest.m */,
				B166BC791D9BC8CA00DDD2F2 /* CZJTesting.h */,
				B166BC7A1D9BC8CA00DDD2F2 /* CZJTesting.m */,
				B166BC751D9BC8CA00DDD2F2 /* CZJTestCase.h */,
				B166BC761D9BC8CA00DDD2F2 /* CZJTestCase.m */,
				B1B0A9101D9CF86E00B5BA81 /* CZJTestNode.h */,
				B1B0A9111D9CF86E00B5BA81 /* CZJTestNode.m */,
				B171C3B71D9D1F2300C3F656 /* CZJTestGroup.h */,
				B171C3B81D9D1F2300C3F656 /* CZJTestGroup.m */,
				B166BC771D9BC8CA00DDD2F2 /* CZJTestCaseCell.h */,
				B166BC781D9BC8CA00DDD2F2 /* CZJTestCaseCell.m */,
				B171C3B41D9D106C00C3F656 /* CZJTestViewModel.h */,
				B171C3B51D9D106C00C3F656 /* CZJTestViewModel.m */,
				B166BC731D9BC8CA00DDD2F2 /* CZJTestAppDelegate.h */,
				B166BC741D9BC8CA00DDD2F2 /* CZJTestAppDelegate.m */,
				B166BC7F1D9BC8CA00DDD2F2 /* CZJTestViewController.h */,
				B166BC801D9BC8CA00DDD2F2 /* CZJTestViewController.m */,
				B166BC7B1D9BC8CA00DDD2F2 /* CZJTestMainView.h */,
				B166BC7C1D9BC8CA00DDD2F2 /* CZJTestMainView.m */,
				B166BC7D1D9BC8CA00DDD2F2 /* CZJTestMainViewController.h */,
				B166BC7E1D9BC8CA00DDD2F2 /* CZJTestMainViewController.m */,
				B1A041AF1DA5562600BECAC6 /* CZJTestTableViewDataSource.h */,
				B1A041B01DA5562600BECAC6 /* CZJTestTableViewDataSource.m */,
				B1A041B21DA5598700BECAC6 /* CZJTestSuite.h */,
				B1A041B31DA5598700BECAC6 /* CZJTestSuite.m */,
				470C79091DB2620800DF5BEE /* CZJTestRunner.h */,
				470C790A1DB2620800DF5BEE /* CZJTestRunner.m */,
				B166BC591D9BC88C00DDD2F2 /* Supporting Files */,
			);
			path = CZJUnit;
			sourceTree = "<group>";
		};
		B166BC591D9BC88C00DDD2F2 /* Supporting Files */ = {
			isa = PBXGroup;
			children = (
				B166BC651D9BC88C00DDD2F2 /* Assets.xcassets */,
				B166BC671D9BC88C00DDD2F2 /* LaunchScreen.storyboard */,
				B166BC6A1D9BC88C00DDD2F2 /* Info.plist */,
				B166BC5A1D9BC88C00DDD2F2 /* main.m */,
			);
			name = "Supporting Files";
			sourceTree = "<group>";
		};
		B779437B6B0D809A06C1FBFF /* Frameworks */ = {
			isa = PBXGroup;
			children = (
				BA8293DFD2BDCC180304BC65 /* Pods_Example.framework */,
			);
			name = Frameworks;
			sourceTree = "<group>";
		};
/* End PBXGroup section */

/* Begin PBXNativeTarget section */
		B166BC551D9BC88C00DDD2F2 /* CZJUnit */ = {
			isa = PBXNativeTarget;
			buildConfigurationList = B166BC6D1D9BC88C00DDD2F2 /* Build configuration list for PBXNativeTarget "CZJUnit" */;
			buildPhases = (
				B166BC521D9BC88C00DDD2F2 /* Sources */,
				B166BC531D9BC88C00DDD2F2 /* Frameworks */,
				B166BC541D9BC88C00DDD2F2 /* Resources */,
			);
			buildRules = (
			);
			dependencies = (
			);
			name = CZJUnit;
			productName = CZJUnit;
			productReference = B166BC561D9BC88C00DDD2F2 /* CZJUnit.app */;
			productType = "com.apple.product-type.application";
		};
/* End PBXNativeTarget section */

/* Begin PBXProject section */
		B166BC4E1D9BC88C00DDD2F2 /* Project object */ = {
			isa = PBXProject;
			attributes = {
				LastUpgradeCheck = 0800;
				ORGANIZATIONNAME = isExist;
				TargetAttributes = {
					B166BC551D9BC88C00DDD2F2 = {
						CreatedOnToolsVersion = 8.0;
						DevelopmentTeam = QB984N4CFG;
						ProvisioningStyle = Automatic;
					};
				};
			};
			buildConfigurationList = B166BC511D9BC88C00DDD2F2 /* Build configuration list for PBXProject "CZJUnit" */;
			compatibilityVersion = "Xcode 3.2";
			developmentRegion = English;
			hasScannedForEncodings = 0;
			knownRegions = (
				en,
				Base,
			);
			mainGroup = B166BC4D1D9BC88C00DDD2F2;
			productRefGroup = B166BC571D9BC88C00DDD2F2 /* Products */;
			projectDirPath = "";
			projectRoot = "";
			targets = (
				B166BC551D9BC88C00DDD2F2 /* CZJUnit */,
			);
		};
/* End PBXProject section */

/* Begin PBXResourcesBuildPhase section */
		B166BC541D9BC88C00DDD2F2 /* Resources */ = {
			isa = PBXResourcesBuildPhase;
			buildActionMask = 2147483647;
			files = (
				B166BC691D9BC88C00DDD2F2 /* LaunchScreen.storyboard in Resources */,
				B166BC661D9BC88C00DDD2F2 /* Assets.xcassets in Resources */,
			);
			runOnlyForDeploymentPostprocessing = 0;
		};
/* End PBXResourcesBuildPhase section */

/* Begin PBXSourcesBuildPhase section */
		B166BC521D9BC88C00DDD2F2 /* Sources */ = {
			isa = PBXSourcesBuildPhase;
			buildActionMask = 2147483647;
			files = (
				47D912951DB384BA00366357 /* TestCase2.m in Sources */,
				B166BC881D9BC8CA00DDD2F2 /* CZJTestViewController.m in Sources */,
				B166BC821D9BC8CA00DDD2F2 /* CZJTestAppDelegate.m in Sources */,
				B166BC871D9BC8CA00DDD2F2 /* CZJTestMainViewController.m in Sources */,
				47D912931DB37D5A00366357 /* TestCase1.m in Sources */,
				B166BC861D9BC8CA00DDD2F2 /* CZJTestMainView.m in Sources */,
				B1A041B41DA5598700BECAC6 /* CZJTestSuite.m in Sources */,
				B166BC831D9BC8CA00DDD2F2 /* CZJTestCase.m in Sources */,
				B1A041B11DA5562600BECAC6 /* CZJTestTableViewDataSource.m in Sources */,
				B171C3B61D9D106C00C3F656 /* CZJTestViewModel.m in Sources */,
				B166BC851D9BC8CA00DDD2F2 /* CZJTesting.m in Sources */,
				B166BC841D9BC8CA00DDD2F2 /* CZJTestCaseCell.m in Sources */,
				B166BC5B1D9BC88C00DDD2F2 /* main.m in Sources */,
				B171C3B91D9D1F2300C3F656 /* CZJTestGroup.m in Sources */,
				470C790B1DB2620800DF5BEE /* CZJTestRunner.m in Sources */,
				B166BC811D9BC8CA00DDD2F2 /* CZJTest.m in Sources */,
				B1B0A9121D9CF86E00B5BA81 /* CZJTestNode.m in Sources */,
			);
			runOnlyForDeploymentPostprocessing = 0;
		};
/* End PBXSourcesBuildPhase section */

/* Begin PBXVariantGroup section */
		B166BC671D9BC88C00DDD2F2 /* LaunchScreen.storyboard */ = {
			isa = PBXVariantGroup;
			children = (
				B166BC681D9BC88C00DDD2F2 /* Base */,
			);
			name = LaunchScreen.storyboard;
			sourceTree = "<group>";
		};
/* End PBXVariantGroup section */

/* Begin XCBuildConfiguration section */
		B166BC6B1D9BC88C00DDD2F2 /* Debug */ = {
			isa = XCBuildConfiguration;
			buildSettings = {
				ALWAYS_SEARCH_USER_PATHS = NO;
				CLANG_ANALYZER_NONNULL = YES;
				CLANG_CXX_LANGUAGE_STANDARD = "gnu++0x";
				CLANG_CXX_LIBRARY = "libc++";
				CLANG_ENABLE_MODULES = YES;
				CLANG_ENABLE_OBJC_ARC = YES;
				CLANG_WARN_BOOL_CONVERSION = YES;
				CLANG_WARN_CONSTANT_CONVERSION = YES;
				CLANG_WARN_DIRECT_OBJC_ISA_USAGE = YES_ERROR;
				CLANG_WARN_DOCUMENTATION_COMMENTS = YES;
				CLANG_WARN_EMPTY_BODY = YES;
				CLANG_WARN_ENUM_CONVERSION = YES;
				CLANG_WARN_INFINITE_RECURSION = YES;
				CLANG_WARN_INT_CONVERSION = YES;
				CLANG_WARN_OBJC_ROOT_CLASS = YES_ERROR;
				CLANG_WARN_SUSPICIOUS_MOVES = YES;
				CLANG_WARN_UNREACHABLE_CODE = YES;
				CLANG_WARN__DUPLICATE_METHOD_MATCH = YES;
				"CODE_SIGN_IDENTITY[sdk=iphoneos*]" = "iPhone Developer";
				COPY_PHASE_STRIP = NO;
				DEBUG_INFORMATION_FORMAT = dwarf;
				ENABLE_STRICT_OBJC_MSGSEND = YES;
				ENABLE_TESTABILITY = YES;
				GCC_C_LANGUAGE_STANDARD = gnu99;
				GCC_DYNAMIC_NO_PIC = NO;
				GCC_NO_COMMON_BLOCKS = YES;
				GCC_OPTIMIZATION_LEVEL = 0;
				GCC_PREPROCESSOR_DEFINITIONS = (
					"DEBUG=1",
					"$(inherited)",
				);
				GCC_WARN_64_TO_32_BIT_CONVERSION = YES;
				GCC_WARN_ABOUT_RETURN_TYPE = YES_ERROR;
				GCC_WARN_UNDECLARED_SELECTOR = YES;
				GCC_WARN_UNINITIALIZED_AUTOS = YES_AGGRESSIVE;
				GCC_WARN_UNUSED_FUNCTION = YES;
				GCC_WARN_UNUSED_VARIABLE = YES;
				IPHONEOS_DEPLOYMENT_TARGET = 10.0;
				MTL_ENABLE_DEBUG_INFO = YES;
				ONLY_ACTIVE_ARCH = YES;
				SDKROOT = iphoneos;
				TARGETED_DEVICE_FAMILY = "1,2";
			};
			name = Debug;
		};
		B166BC6C1D9BC88C00DDD2F2 /* Release */ = {
			isa = XCBuildConfiguration;
			buildSettings = {
				ALWAYS_SEARCH_USER_PATHS = NO;
				CLANG_ANALYZER_NONNULL = YES;
				CLANG_CXX_LANGUAGE_STANDARD = "gnu++0x";
				CLANG_CXX_LIBRARY = "libc++";
				CLANG_ENABLE_MODULES = YES;
				CLANG_ENABLE_OBJC_ARC = YES;
				CLANG_WARN_BOOL_CONVERSION = YES;
				CLANG_WARN_CONSTANT_CONVERSION = YES;
				CLANG_WARN_DIRECT_OBJC_ISA_USAGE = YES_ERROR;
				CLANG_WARN_DOCUMENTATION_COMMENTS = YES;
				CLANG_WARN_EMPTY_BODY = YES;
				CLANG_WARN_ENUM_CONVERSION = YES;
				CLANG_WARN_INFINITE_RECURSION = YES;
				CLANG_WARN_INT_CONVERSION = YES;
				CLANG_WARN_OBJC_ROOT_CLASS = YES_ERROR;
				CLANG_WARN_SUSPICIOUS_MOVES = YES;
				CLANG_WARN_UNREACHABLE_CODE = YES;
				CLANG_WARN__DUPLICATE_METHOD_MATCH = YES;
				"CODE_SIGN_IDENTITY[sdk=iphoneos*]" = "iPhone Developer";
				COPY_PHASE_STRIP = NO;
				DEBUG_INFORMATION_FORMAT = "dwarf-with-dsym";
				ENABLE_NS_ASSERTIONS = NO;
				ENABLE_STRICT_OBJC_MSGSEND = YES;
				GCC_C_LANGUAGE_STANDARD = gnu99;
				GCC_NO_COMMON_BLOCKS = YES;
				GCC_WARN_64_TO_32_BIT_CONVERSION = YES;
				GCC_WARN_ABOUT_RETURN_TYPE = YES_ERROR;
				GCC_WARN_UNDECLARED_SELECTOR = YES;
				GCC_WARN_UNINITIALIZED_AUTOS = YES_AGGRESSIVE;
				GCC_WARN_UNUSED_FUNCTION = YES;
				GCC_WARN_UNUSED_VARIABLE = YES;
				IPHONEOS_DEPLOYMENT_TARGET = 10.0;
				MTL_ENABLE_DEBUG_INFO = NO;
				SDKROOT = iphoneos;
				TARGETED_DEVICE_FAMILY = "1,2";
				VALIDATE_PRODUCT = YES;
			};
			name = Release;
		};
		B166BC6E1D9BC88C00DDD2F2 /* Debug */ = {
			isa = XCBuildConfiguration;
			buildSettings = {
				ASSETCATALOG_COMPILER_APPICON_NAME = AppIcon;
				ASSETCATALOG_COMPILER_LAUNCHIMAGE_NAME = LaunchImage;
				DEVELOPMENT_TEAM = QB984N4CFG;
				INFOPLIST_FILE = CZJUnit/Info.plist;
				LD_RUNPATH_SEARCH_PATHS = "$(inherited) @executable_path/Frameworks";
				PRODUCT_BUNDLE_IDENTIFIER = isExist.CZJUnit;
				PRODUCT_NAME = "$(TARGET_NAME)";
			};
			name = Debug;
		};
		B166BC6F1D9BC88C00DDD2F2 /* Release */ = {
			isa = XCBuildConfiguration;
			buildSettings = {
				ASSETCATALOG_COMPILER_APPICON_NAME = AppIcon;
				ASSETCATALOG_COMPILER_LAUNCHIMAGE_NAME = LaunchImage;
				DEVELOPMENT_TEAM = QB984N4CFG;
				INFOPLIST_FILE = CZJUnit/Info.plist;
				LD_RUNPATH_SEARCH_PATHS = "$(inherited) @executable_path/Frameworks";
				PRODUCT_BUNDLE_IDENTIFIER = isExist.CZJUnit;
				PRODUCT_NAME = "$(TARGET_NAME)";
			};
			name = Release;
		};
/* End XCBuildConfiguration section */

/* Begin XCConfigurationList section */
		B166BC511D9BC88C00DDD2F2 /* Build configuration list for PBXProject "CZJUnit" */ = {
			isa = XCConfigurationList;
			buildConfigurations = (
				B166BC6B1D9BC88C00DDD2F2 /* Debug */,
				B166BC6C1D9BC88C00DDD2F2 /* Release */,
			);
			defaultConfigurationIsVisible = 0;
			defaultConfigurationName = Release;
		};
		B166BC6D1D9BC88C00DDD2F2 /* Build configuration list for PBXNativeTarget "CZJUnit" */ = {
			isa = XCConfigurationList;
			buildConfigurations = (
				B166BC6E1D9BC88C00DDD2F2 /* Debug */,
				B166BC6F1D9BC88C00DDD2F2 /* Release */,
			);
			defaultConfigurationIsVisible = 0;
			defaultConfigurationName = Release;
		};
/* End XCConfigurationList section */
	};
	rootObject = B166BC4E1D9BC88C00DDD2F2 /* Project object */;
}
